// !$*UTF8*$!
{
	archiveVersion = 1;
	classes = {
	};
	objectVersion = 56;
	objects = {

/* Begin PBXBuildFile section */
		F23651E22A27C29600773649 /* Experience.rcproject in Sources */ = {isa = PBXBuildFile; fileRef = F25E8ADF2A27C0EC00906384 /* Experience.rcproject */; };
		F23793902A275FF80025A99D /* caffe_latte.usdz in Resources */ = {isa = PBXBuildFile; fileRef = F237938F2A275FF80025A99D /* caffe_latte.usdz */; };
		F298F4D12A287C8600836FEC /* Experience2.rcproject in Sources */ = {isa = PBXBuildFile; fileRef = F298F4D02A287AC500836FEC /* Experience2.rcproject */; };
		F2F431792A2711D200B5F5C7 /* AR_SwiftUIApp.swift in Sources */ = {isa = PBXBuildFile; fileRef = F2F431782A2711D200B5F5C7 /* AR_SwiftUIApp.swift */; };
		F2F4317B2A2711D200B5F5C7 /* MainView.swift in Sources */ = {isa = PBXBuildFile; fileRef = F2F4317A2A2711D200B5F5C7 /* MainView.swift */; };
		F2F4317D2A2711D400B5F5C7 /* Assets.xcassets in Resources */ = {isa = PBXBuildFile; fileRef = F2F4317C2A2711D400B5F5C7 /* Assets.xcassets */; };
		F2F431802A2711D500B5F5C7 /* Preview Assets.xcassets in Resources */ = {isa = PBXBuildFile; fileRef = F2F4317F2A2711D500B5F5C7 /* Preview Assets.xcassets */; };
		F2F431872A27120500B5F5C7 /* ARViewRepresent.swift in Sources */ = {isa = PBXBuildFile; fileRef = F2F431862A27120500B5F5C7 /* ARViewRepresent.swift */; };
		F2F4318A2A2717AE00B5F5C7 /* FocusEntity in Frameworks */ = {isa = PBXBuildFile; productRef = F2F431892A2717AE00B5F5C7 /* FocusEntity */; };
/* End PBXBuildFile section */

/* Begin PBXFileReference section */
		F237938F2A275FF80025A99D /* caffe_latte.usdz */ = {isa = PBXFileReference; lastKnownFileType = file.usdz; path = caffe_latte.usdz; sourceTree = "<group>"; };
		F25E8ADF2A27C0EC00906384 /* Experience.rcproject */ = {isa = PBXFileReference; lastKnownFileType = file.rcproject; path = Experience.rcproject; sourceTree = "<group>"; };
		F298F4D02A287AC500836FEC /* Experience2.rcproject */ = {isa = PBXFileReference; lastKnownFileType = file.rcproject; path = Experience2.rcproject; sourceTree = "<group>"; };
		F2F431752A2711D200B5F5C7 /* AR_SwiftUI.app */ = {isa = PBXFileReference; explicitFileType = wrapper.application; includeInIndex = 0; path = AR_SwiftUI.app; sourceTree = BUILT_PRODUCTS_DIR; };
		F2F431782A2711D200B5F5C7 /* AR_SwiftUIApp.swift */ = {isa = PBXFileReference; lastKnownFileType = sourcecode.swift; path = AR_SwiftUIApp.swift; sourceTree = "<group>"; };
		F2F4317A2A2711D200B5F5C7 /* MainView.swift */ = {isa = PBXFileReference; lastKnownFileType = sourcecode.swift; path = MainView.swift; sourceTree = "<group>"; };
		F2F4317C2A2711D400B5F5C7 /* Assets.xcassets */ = {isa = PBXFileReference; lastKnownFileType = folder.assetcatalog; path = Assets.xcassets; sourceTree = "<group>"; };
		F2F4317F2A2711D500B5F5C7 /* Preview Assets.xcassets */ = {isa = PBXFileReference; lastKnownFileType = folder.assetcatalog; path = "Preview Assets.xcassets"; sourceTree = "<group>"; };
		F2F431862A27120500B5F5C7 /* ARViewRepresent.swift */ = {isa = PBXFileReference; lastKnownFileType = sourcecode.swift; path = ARViewRepresent.swift; sourceTree = "<group>"; };
/* End PBXFileReference section */

/* Begin PBXFrameworksBuildPhase section */
		F2F431722A2711D200B5F5C7 /* Frameworks */ = {
			isa = PBXFrameworksBuildPhase;
			buildActionMask = 2147483647;
			files = (
				F2F4318A2A2717AE00B5F5C7 /* FocusEntity in Frameworks */,
			);
			runOnlyForDeploymentPostprocessing = 0;
		};
/* End PBXFrameworksBuildPhase section */

/* Begin PBXGroup section */
		F2F4316C2A2711D200B5F5C7 = {
			isa = PBXGroup;
			children = (
				F2F431772A2711D200B5F5C7 /* AR_SwiftUI */,
				F2F431762A2711D200B5F5C7 /* Products */,
			);
			sourceTree = "<group>";
		};
		F2F431762A2711D200B5F5C7 /* Products */ = {
			isa = PBXGroup;
			children = (
				F2F431752A2711D200B5F5C7 /* AR_SwiftUI.app */,
			);
			name = Products;
			sourceTree = "<group>";
		};
		F2F431772A2711D200B5F5C7 /* AR_SwiftUI */ = {
			isa = PBXGroup;
			children = (
				F2F431782A2711D200B5F5C7 /* AR_SwiftUIApp.swift */,
				F2F4317A2A2711D200B5F5C7 /* MainView.swift */,
				F2F431862A27120500B5F5C7 /* ARViewRepresent.swift */,
				F2F4317C2A2711D400B5F5C7 /* Assets.xcassets */,
				F237938F2A275FF80025A99D /* caffe_latte.usdz */,
				F2F4317E2A2711D500B5F5C7 /* Preview Content */,
				F25E8ADF2A27C0EC00906384 /* Experience.rcproject */,
				F298F4D02A287AC500836FEC /* Experience2.rcproject */,
			);
			path = AR_SwiftUI;
			sourceTree = "<group>";
		};
		F2F4317E2A2711D500B5F5C7 /* Preview Content */ = {
			isa = PBXGroup;
			children = (
				F2F4317F2A2711D500B5F5C7 /* Preview Assets.xcassets */,
			);
			path = "Preview Content";
			sourceTree = "<group>";
		};
/* End PBXGroup section */

/* Begin PBXNativeTarget section */
		F2F431742A2711D200B5F5C7 /* AR_SwiftUI */ = {
			isa = PBXNativeTarget;
			buildConfigurationList = F2F431832A2711D500B5F5C7 /* Build configuration list for PBXNativeTarget "AR_SwiftUI" */;
			buildPhases = (
				F2F431712A2711D200B5F5C7 /* Sources */,
				F2F431722A2711D200B5F5C7 /* Frameworks */,
				F2F431732A2711D200B5F5C7 /* Resources */,
			);
			buildRules = (
			);
			dependencies = (
			);
			name = AR_SwiftUI;
			packageProductDependencies = (
				F2F431892A2717AE00B5F5C7 /* FocusEntity */,
			);
			productName = AR_SwiftUI;
			productReference = F2F431752A2711D200B5F5C7 /* AR_SwiftUI.app */;
			productType = "com.apple.product-type.application";
		};
/* End PBXNativeTarget section */

/* Begin PBXProject section */
		F2F4316D2A2711D200B5F5C7 /* Project object */ = {
			isa = PBXProject;
			attributes = {
				BuildIndependentTargetsInParallel = 1;
				LastSwiftUpdateCheck = 1430;
				LastUpgradeCheck = 1430;
				TargetAttributes = {
					F2F431742A2711D200B5F5C7 = {
						CreatedOnToolsVersion = 14.3;
					};
				};
			};
			buildConfigurationList = F2F431702A2711D200B5F5C7 /* Build configuration list for PBXProject "AR_SwiftUI" */;
			compatibilityVersion = "Xcode 14.0";
			developmentRegion = en;
			hasScannedForEncodings = 0;
			knownRegions = (
				en,
				Base,
			);
			mainGroup = F2F4316C2A2711D200B5F5C7;
			packageReferences = (
				F2F431882A2717AE00B5F5C7 /* XCRemoteSwiftPackageReference "FocusEntity" */,
			);
			productRefGroup = F2F431762A2711D200B5F5C7 /* Products */;
			projectDirPath = "";
			projectRoot = "";
			targets = (
				F2F431742A2711D200B5F5C7 /* AR_SwiftUI */,
			);
		};
/* End PBXProject section */

/* Begin PBXResourcesBuildPhase section */
		F2F431732A2711D200B5F5C7 /* Resources */ = {
			isa = PBXResourcesBuildPhase;
			buildActionMask = 2147483647;
			files = (
				F2F431802A2711D500B5F5C7 /* Preview Assets.xcassets in Resources */,
				F2F4317D2A2711D400B5F5C7 /* Assets.xcassets in Resources */,
				F23793902A275FF80025A99D /* caffe_latte.usdz in Resources */,
			);
			runOnlyForDeploymentPostprocessing = 0;
		};
/* End PBXResourcesBuildPhase section */

/* Begin PBXSourcesBuildPhase section */
		F2F431712A2711D200B5F5C7 /* Sources */ = {
			isa = PBXSourcesBuildPhase;
			buildActionMask = 2147483647;
			files = (
				F2F4317B2A2711D200B5F5C7 /* MainView.swift in Sources */,
				F2F431792A2711D200B5F5C7 /* AR_SwiftUIApp.swift in Sources */,
				F23651E22A27C29600773649 /* Experience.rcproject in Sources */,
				F298F4D12A287C8600836FEC /* Experience2.rcproject in Sources */,
				F2F431872A27120500B5F5C7 /* ARViewRepresent.swift in Sources */,
			);
			runOnlyForDeploymentPostprocessing = 0;
		};
/* End PBXSourcesBuildPhase section */

/* Begin XCBuildConfiguration section */
		F2F431812A2711D500B5F5C7 /* Debug */ = {
			isa = XCBuildConfiguration;
			buildSettings = {
				ALWAYS_SEARCH_USER_PATHS = NO;
				CLANG_ANALYZER_NONNULL = YES;
				CLANG_ANALYZER_NUMBER_OBJECT_CONVERSION = YES_AGGRESSIVE;
				CLANG_CXX_LANGUAGE_STANDARD = "gnu++20";
				CLANG_ENABLE_MODULES = YES;
				CLANG_ENABLE_OBJC_ARC = YES;
				CLANG_ENABLE_OBJC_WEAK = YES;
				CLANG_WARN_BLOCK_CAPTURE_AUTORELEASING = YES;
				CLANG_WARN_BOOL_CONVERSION = YES;
				CLANG_WARN_COMMA = YES;
				CLANG_WARN_CONSTANT_CONVERSION = YES;
				CLANG_WARN_DEPRECATED_OBJC_IMPLEMENTATIONS = YES;
				CLANG_WARN_DIRECT_OBJC_ISA_USAGE = YES_ERROR;
				CLANG_WARN_DOCUMENTATION_COMMENTS = YES;
				CLANG_WARN_EMPTY_BODY = YES;
				CLANG_WARN_ENUM_CONVERSION = YES;
				CLANG_WARN_INFINITE_RECURSION = YES;
				CLANG_WARN_INT_CONVERSION = YES;
				CLANG_WARN_NON_LITERAL_NULL_CONVERSION = YES;
				CLANG_WARN_OBJC_IMPLICIT_RETAIN_SELF = YES;
				CLANG_WARN_OBJC_LITERAL_CONVERSION = YES;
				CLANG_WARN_OBJC_ROOT_CLASS = YES_ERROR;
				CLANG_WARN_QUOTED_INCLUDE_IN_FRAMEWORK_HEADER = YES;
				CLANG_WARN_RANGE_LOOP_ANALYSIS = YES;
				CLANG_WARN_STRICT_PROTOTYPES = YES;
				CLANG_WARN_SUSPICIOUS_MOVE = YES;
				CLANG_WARN_UNGUARDED_AVAILABILITY = YES_AGGRESSIVE;
				CLANG_WARN_UNREACHABLE_CODE = YES;
				CLANG_WARN__DUPLICATE_METHOD_MATCH = YES;
				COPY_PHASE_STRIP = NO;
				DEBUG_INFORMATION_FORMAT = dwarf;
				ENABLE_STRICT_OBJC_MSGSEND = YES;
				ENABLE_TESTABILITY = YES;
				GCC_C_LANGUAGE_STANDARD = gnu11;
				GCC_DYNAMIC_NO_PIC = NO;
				GCC_NO_COMMON_BLOCKS = YES;
				GCC_OPTIMIZATION_LEVEL = 0;
				GCC_PREPROCESSOR_DEFINITIONS = (
					"DEBUG=1",
					"$(inherited)",
				);
				GCC_WARN_64_TO_32_BIT_CONVERSION = YES;
				GCC_WARN_ABOUT_RETURN_TYPE = YES_ERROR;
				GCC_WARN_UNDECLARED_SELECTOR = YES;
				GCC_WARN_UNINITIALIZED_AUTOS = YES_AGGRESSIVE;
				GCC_WARN_UNUSED_FUNCTION = YES;
				GCC_WARN_UNUSED_VARIABLE = YES;
				IPHONEOS_DEPLOYMENT_TARGET = 16.4;
				MTL_ENABLE_DEBUG_INFO = INCLUDE_SOURCE;
				MTL_FAST_MATH = YES;
				ONLY_ACTIVE_ARCH = YES;
				SDKROOT = iphoneos;
				SWIFT_ACTIVE_COMPILATION_CONDITIONS = DEBUG;
				SWIFT_OPTIMIZATION_LEVEL = "-Onone";
			};
			name = Debug;
		};
		F2F431822A2711D500B5F5C7 /* Release */ = {
			isa = XCBuildConfiguration;
			buildSettings = {
				ALWAYS_SEARCH_USER_PATHS = NO;
				CLANG_ANALYZER_NONNULL = YES;
				CLANG_ANALYZER_NUMBER_OBJECT_CONVERSION = YES_AGGRESSIVE;
				CLANG_CXX_LANGUAGE_STANDARD = "gnu++20";
				CLANG_ENABLE_MODULES = YES;
				CLANG_ENABLE_OBJC_ARC = YES;
				CLANG_ENABLE_OBJC_WEAK = YES;
				CLANG_WARN_BLOCK_CAPTURE_AUTORELEASING = YES;
				CLANG_WARN_BOOL_CONVERSION = YES;
				CLANG_WARN_COMMA = YES;
				CLANG_WARN_CONSTANT_CONVERSION = YES;
				CLANG_WARN_DEPRECATED_OBJC_IMPLEMENTATIONS = YES;
				CLANG_WARN_DIRECT_OBJC_ISA_USAGE = YES_ERROR;
				CLANG_WARN_DOCUMENTATION_COMMENTS = YES;
				CLANG_WARN_EMPTY_BODY = YES;
				CLANG_WARN_ENUM_CONVERSION = YES;
				CLANG_WARN_INFINITE_RECURSION = YES;
				CLANG_WARN_INT_CONVERSION = YES;
				CLANG_WARN_NON_LITERAL_NULL_CONVERSION = YES;
				CLANG_WARN_OBJC_IMPLICIT_RETAIN_SELF = YES;
				CLANG_WARN_OBJC_LITERAL_CONVERSION = YES;
				CLANG_WARN_OBJC_ROOT_CLASS = YES_ERROR;
				CLANG_WARN_QUOTED_INCLUDE_IN_FRAMEWORK_HEADER = YES;
				CLANG_WARN_RANGE_LOOP_ANALYSIS = YES;
				CLANG_WARN_STRICT_PROTOTYPES = YES;
				CLANG_WARN_SUSPICIOUS_MOVE = YES;
				CLANG_WARN_UNGUARDED_AVAILABILITY = YES_AGGRESSIVE;
				CLANG_WARN_UNREACHABLE_CODE = YES;
				CLANG_WARN__DUPLICATE_METHOD_MATCH = YES;
				COPY_PHASE_STRIP = NO;
				DEBUG_INFORMATION_FORMAT = "dwarf-with-dsym";
				ENABLE_NS_ASSERTIONS = NO;
				ENABLE_STRICT_OBJC_MSGSEND = YES;
				GCC_C_LANGUAGE_STANDARD = gnu11;
				GCC_NO_COMMON_BLOCKS = YES;
				GCC_WARN_64_TO_32_BIT_CONVERSION = YES;
				GCC_WARN_ABOUT_RETURN_TYPE = YES_ERROR;
				GCC_WARN_UNDECLARED_SELECTOR = YES;
				GCC_WARN_UNINITIALIZED_AUTOS = YES_AGGRESSIVE;
				GCC_WARN_UNUSED_FUNCTION = YES;
				GCC_WARN_UNUSED_VARIABLE = YES;
				IPHONEOS_DEPLOYMENT_TARGET = 16.4;
				MTL_ENABLE_DEBUG_INFO = NO;
				MTL_FAST_MATH = YES;
				SDKROOT = iphoneos;
				SWIFT_COMPILATION_MODE = wholemodule;
				SWIFT_OPTIMIZATION_LEVEL = "-O";
				VALIDATE_PRODUCT = YES;
			};
			name = Release;
		};
		F2F431842A2711D500B5F5C7 /* Debug */ = {
			isa = XCBuildConfiguration;
			buildSettings = {
				ASSETCATALOG_COMPILER_APPICON_NAME = AppIcon;
				ASSETCATALOG_COMPILER_GLOBAL_ACCENT_COLOR_NAME = AccentColor;
				CODE_SIGN_STYLE = Automatic;
				CURRENT_PROJECT_VERSION = 1;
				DEVELOPMENT_ASSET_PATHS = "\"AR_SwiftUI/Preview Content\"";
				DEVELOPMENT_TEAM = R725M9DSXV;
				ENABLE_PREVIEWS = YES;
				GENERATE_INFOPLIST_FILE = YES;
				INFOPLIST_KEY_NSCameraUsageDescription = "App want to acccess for AR purpose";
				INFOPLIST_KEY_UIApplicationSceneManifest_Generation = YES;
				INFOPLIST_KEY_UIApplicationSupportsIndirectInputEvents = YES;
				INFOPLIST_KEY_UILaunchScreen_Generation = YES;
				INFOPLIST_KEY_UISupportedInterfaceOrientations_iPad = "UIInterfaceOrientationPortrait UIInterfaceOrientationPortraitUpsideDown UIInterfaceOrientationLandscapeLeft UIInterfaceOrientationLandscapeRight";
				INFOPLIST_KEY_UISupportedInterfaceOrientations_iPhone = "UIInterfaceOrientationPortrait UIInterfaceOrientationLandscapeLeft UIInterfaceOrientationLandscapeRight";
				LD_RUNPATH_SEARCH_PATHS = (
					"$(inherited)",
					"@executable_path/Frameworks",
				);
				MARKETING_VERSION = 1.0;
				PRODUCT_BUNDLE_IDENTIFIER = "com.pf.AR-SwiftUI";
				PRODUCT_NAME = "$(TARGET_NAME)";
				SWIFT_EMIT_LOC_STRINGS = YES;
				SWIFT_VERSION = 5.0;
				TARGETED_DEVICE_FAMILY = "1,2";
			};
			name = Debug;
		};
		F2F431852A2711D500B5F5C7 /* Release */ = {
			isa = XCBuildConfiguration;
			buildSettings = {
				ASSETCATALOG_COMPILER_APPICON_NAME = AppIcon;
				ASSETCATALOG_COMPILER_GLOBAL_ACCENT_COLOR_NAME = AccentColor;
				CODE_SIGN_STYLE = Automatic;
				CURRENT_PROJECT_VERSION = 1;
				DEVELOPMENT_ASSET_PATHS = "\"AR_SwiftUI/Preview Content\"";
				DEVELOPMENT_TEAM = R725M9DSXV;
				ENABLE_PREVIEWS = YES;
				GENERATE_INFOPLIST_FILE = YES;
				INFOPLIST_KEY_NSCameraUsageDescription = "App want to acccess for AR purpose";
				INFOPLIST_KEY_UIApplicationSceneManifest_Generation = YES;
				INFOPLIST_KEY_UIApplicationSupportsIndirectInputEvents = YES;
				INFOPLIST_KEY_UILaunchScreen_Generation = YES;
				INFOPLIST_KEY_UISupportedInterfaceOrientations_iPad = "UIInterfaceOrientationPortrait UIInterfaceOrientationPortraitUpsideDown UIInterfaceOrientationLandscapeLeft UIInterfaceOrientationLandscapeRight";
				INFOPLIST_KEY_UISupportedInterfaceOrientations_iPhone = "UIInterfaceOrientationPortrait UIInterfaceOrientationLandscapeLeft UIInterfaceOrientationLandscapeRight";
				LD_RUNPATH_SEARCH_PATHS = (
					"$(inherited)",
					"@executable_path/Frameworks",
				);
				MARKETING_VERSION = 1.0;
				PRODUCT_BUNDLE_IDENTIFIER = "com.pf.AR-SwiftUI";
				PRODUCT_NAME = "$(TARGET_NAME)";
				SWIFT_EMIT_LOC_STRINGS = YES;
				SWIFT_VERSION = 5.0;
				TARGETED_DEVICE_FAMILY = "1,2";
			};
			name = Release;
		};
/* End XCBuildConfiguration section */

/* Begin XCConfigurationList section */
		F2F431702A2711D200B5F5C7 /* Build configuration list for PBXProject "AR_SwiftUI" */ = {
			isa = XCConfigurationList;
			buildConfigurations = (
				F2F431812A2711D500B5F5C7 /* Debug */,
				F2F431822A2711D500B5F5C7 /* Release */,
			);
			defaultConfigurationIsVisible = 0;
			defaultConfigurationName = Release;
		};
		F2F431832A2711D500B5F5C7 /* Build configuration list for PBXNativeTarget "AR_SwiftUI" */ = {
			isa = XCConfigurationList;
			buildConfigurations = (
				F2F431842A2711D500B5F5C7 /* Debug */,
				F2F431852A2711D500B5F5C7 /* Release */,
			);
			defaultConfigurationIsVisible = 0;
			defaultConfigurationName = Release;
		};
/* End XCConfigurationList section */

/* Begin XCRemoteSwiftPackageReference section */
		F2F431882A2717AE00B5F5C7 /* XCRemoteSwiftPackageReference "FocusEntity" */ = {
			isa = XCRemoteSwiftPackageReference;
			repositoryURL = "https://github.com/maxxfrazer/FocusEntity";
			requirement = {
				kind = upToNextMajorVersion;
				minimumVersion = 2.0.0;
			};
		};
/* End XCRemoteSwiftPackageReference section */

/* Begin XCSwiftPackageProductDependency section */
		F2F431892A2717AE00B5F5C7 /* FocusEntity */ = {
			isa = XCSwiftPackageProductDependency;
			package = F2F431882A2717AE00B5F5C7 /* XCRemoteSwiftPackageReference "FocusEntity" */;
			productName = FocusEntity;
		};
/* End XCSwiftPackageProductDependency section */
	};
	rootObject = F2F4316D2A2711D200B5F5C7 /* Project object */;
}
