// !$*UTF8*$!
{
	archiveVersion = 1;
	classes = {
	};
	objectVersion = 55;
	objects = {

/* Begin PBXBuildFile section */
		8DBB1611283808DC009242F4 /* AppDelegate.swift in Sources */ = {isa = PBXBuildFile; fileRef = 8DBB1610283808DC009242F4 /* AppDelegate.swift */; };
		8DBB1613283808DC009242F4 /* ContentView.swift in Sources */ = {isa = PBXBuildFile; fileRef = 8DBB1612283808DC009242F4 /* ContentView.swift */; };
		8DBB1617283808DD009242F4 /* Assets.xcassets in Resources */ = {isa = PBXBuildFile; fileRef = 8DBB1616283808DD009242F4 /* Assets.xcassets */; };
		8DBB161A283808DD009242F4 /* Preview Assets.xcassets in Resources */ = {isa = PBXBuildFile; fileRef = 8DBB1619283808DD009242F4 /* Preview Assets.xcassets */; };
		8DBB162128380EB9009242F4 /* cover.jpg in Resources */ = {isa = PBXBuildFile; fileRef = 8DBB162028380EB9009242F4 /* cover.jpg */; };
		8DBB162728381636009242F4 /* DSC_0171.JPG in Resources */ = {isa = PBXBuildFile; fileRef = 8DBB162228381635009242F4 /* DSC_0171.JPG */; };
		8DBB162928381636009242F4 /* DSC_0003.JPG in Resources */ = {isa = PBXBuildFile; fileRef = 8DBB162428381636009242F4 /* DSC_0003.JPG */; };
		8DBB162A28381636009242F4 /* DSC_0117.JPG in Resources */ = {isa = PBXBuildFile; fileRef = 8DBB162528381636009242F4 /* DSC_0117.JPG */; };
		8DBB1631283817FE009242F4 /* lola.png in Resources */ = {isa = PBXBuildFile; fileRef = 8DBB1630283817FE009242F4 /* lola.png */; };
		8DBB163328381867009242F4 /* purple_flower.png in Resources */ = {isa = PBXBuildFile; fileRef = 8DBB163228381867009242F4 /* purple_flower.png */; };
/* End PBXBuildFile section */

/* Begin PBXFileReference section */
		8DBB160D283808DC009242F4 /* ImageTextureMaterial.app */ = {isa = PBXFileReference; explicitFileType = wrapper.application; includeInIndex = 0; path = ImageTextureMaterial.app; sourceTree = BUILT_PRODUCTS_DIR; };
		8DBB1610283808DC009242F4 /* AppDelegate.swift */ = {isa = PBXFileReference; lastKnownFileType = sourcecode.swift; path = AppDelegate.swift; sourceTree = "<group>"; };
		8DBB1612283808DC009242F4 /* ContentView.swift */ = {isa = PBXFileReference; lastKnownFileType = sourcecode.swift; path = ContentView.swift; sourceTree = "<group>"; };
		8DBB1616283808DD009242F4 /* Assets.xcassets */ = {isa = PBXFileReference; lastKnownFileType = folder.assetcatalog; path = Assets.xcassets; sourceTree = "<group>"; };
		8DBB1619283808DD009242F4 /* Preview Assets.xcassets */ = {isa = PBXFileReference; lastKnownFileType = folder.assetcatalog; path = "Preview Assets.xcassets"; sourceTree = "<group>"; };
		8DBB162028380EB9009242F4 /* cover.jpg */ = {isa = PBXFileReference; lastKnownFileType = image.jpeg; path = cover.jpg; sourceTree = "<group>"; };
		8DBB162228381635009242F4 /* DSC_0171.JPG */ = {isa = PBXFileReference; lastKnownFileType = image.jpeg; path = DSC_0171.JPG; sourceTree = "<group>"; };
		8DBB162428381636009242F4 /* DSC_0003.JPG */ = {isa = PBXFileReference; lastKnownFileType = image.jpeg; path = DSC_0003.JPG; sourceTree = "<group>"; };
		8DBB162528381636009242F4 /* DSC_0117.JPG */ = {isa = PBXFileReference; lastKnownFileType = image.jpeg; path = DSC_0117.JPG; sourceTree = "<group>"; };
		8DBB1630283817FE009242F4 /* lola.png */ = {isa = PBXFileReference; lastKnownFileType = image.png; path = lola.png; sourceTree = "<group>"; };
		8DBB163228381867009242F4 /* purple_flower.png */ = {isa = PBXFileReference; lastKnownFileType = image.png; path = purple_flower.png; sourceTree = "<group>"; };
/* End PBXFileReference section */

/* Begin PBXFrameworksBuildPhase section */
		8DBB160A283808DC009242F4 /* Frameworks */ = {
			isa = PBXFrameworksBuildPhase;
			buildActionMask = 2147483647;
			files = (
			);
			runOnlyForDeploymentPostprocessing = 0;
		};
/* End PBXFrameworksBuildPhase section */

/* Begin PBXGroup section */
		8DBB1604283808DC009242F4 = {
			isa = PBXGroup;
			children = (
				8DBB160F283808DC009242F4 /* ImageTextureMaterial */,
				8DBB160E283808DC009242F4 /* Products */,
			);
			sourceTree = "<group>";
		};
		8DBB160E283808DC009242F4 /* Products */ = {
			isa = PBXGroup;
			children = (
				8DBB160D283808DC009242F4 /* ImageTextureMaterial.app */,
			);
			name = Products;
			sourceTree = "<group>";
		};
		8DBB160F283808DC009242F4 /* ImageTextureMaterial */ = {
			isa = PBXGroup;
			children = (
				8DBB1610283808DC009242F4 /* AppDelegate.swift */,
				8DBB1612283808DC009242F4 /* ContentView.swift */,
				8DBB162028380EB9009242F4 /* cover.jpg */,
				8DBB163228381867009242F4 /* purple_flower.png */,
				8DBB162428381636009242F4 /* DSC_0003.JPG */,
				8DBB162528381636009242F4 /* DSC_0117.JPG */,
				8DBB162228381635009242F4 /* DSC_0171.JPG */,
				8DBB1630283817FE009242F4 /* lola.png */,
				8DBB1616283808DD009242F4 /* Assets.xcassets */,
				8DBB1618283808DD009242F4 /* Preview Content */,
			);
			path = ImageTextureMaterial;
			sourceTree = "<group>";
		};
		8DBB1618283808DD009242F4 /* Preview Content */ = {
			isa = PBXGroup;
			children = (
				8DBB1619283808DD009242F4 /* Preview Assets.xcassets */,
			);
			path = "Preview Content";
			sourceTree = "<group>";
		};
/* End PBXGroup section */

/* Begin PBXNativeTarget section */
		8DBB160C283808DC009242F4 /* ImageTextureMaterial */ = {
			isa = PBXNativeTarget;
			buildConfigurationList = 8DBB161D283808DD009242F4 /* Build configuration list for PBXNativeTarget "ImageTextureMaterial" */;
			buildPhases = (
				8DBB1609283808DC009242F4 /* Sources */,
				8DBB160A283808DC009242F4 /* Frameworks */,
				8DBB160B283808DC009242F4 /* Resources */,
			);
			buildRules = (
			);
			dependencies = (
			);
			name = ImageTextureMaterial;
			productName = ImageTextureMaterial;
			productReference = 8DBB160D283808DC009242F4 /* ImageTextureMaterial.app */;
			productType = "com.apple.product-type.application";
		};
/* End PBXNativeTarget section */

/* Begin PBXProject section */
		8DBB1605283808DC009242F4 /* Project object */ = {
			isa = PBXProject;
			attributes = {
				BuildIndependentTargetsInParallel = 1;
				LastSwiftUpdateCheck = 1330;
				LastUpgradeCheck = 1330;
				TargetAttributes = {
					8DBB160C283808DC009242F4 = {
						CreatedOnToolsVersion = 13.3.1;
					};
				};
			};
			buildConfigurationList = 8DBB1608283808DC009242F4 /* Build configuration list for PBXProject "ImageTextureMaterial" */;
			compatibilityVersion = "Xcode 13.0";
			developmentRegion = en;
			hasScannedForEncodings = 0;
			knownRegions = (
				en,
				Base,
			);
			mainGroup = 8DBB1604283808DC009242F4;
			productRefGroup = 8DBB160E283808DC009242F4 /* Products */;
			projectDirPath = "";
			projectRoot = "";
			targets = (
				8DBB160C283808DC009242F4 /* ImageTextureMaterial */,
			);
		};
/* End PBXProject section */

/* Begin PBXResourcesBuildPhase section */
		8DBB160B283808DC009242F4 /* Resources */ = {
			isa = PBXResourcesBuildPhase;
			buildActionMask = 2147483647;
			files = (
				8DBB161A283808DD009242F4 /* Preview Assets.xcassets in Resources */,
				8DBB162A28381636009242F4 /* DSC_0117.JPG in Resources */,
				8DBB163328381867009242F4 /* purple_flower.png in Resources */,
				8DBB162728381636009242F4 /* DSC_0171.JPG in Resources */,
				8DBB1617283808DD009242F4 /* Assets.xcassets in Resources */,
				8DBB162928381636009242F4 /* DSC_0003.JPG in Resources */,
				8DBB162128380EB9009242F4 /* cover.jpg in Resources */,
				8DBB1631283817FE009242F4 /* lola.png in Resources */,
			);
			runOnlyForDeploymentPostprocessing = 0;
		};
/* End PBXResourcesBuildPhase section */

/* Begin PBXSourcesBuildPhase section */
		8DBB1609283808DC009242F4 /* Sources */ = {
			isa = PBXSourcesBuildPhase;
			buildActionMask = 2147483647;
			files = (
				8DBB1613283808DC009242F4 /* ContentView.swift in Sources */,
				8DBB1611283808DC009242F4 /* AppDelegate.swift in Sources */,
			);
			runOnlyForDeploymentPostprocessing = 0;
		};
/* End PBXSourcesBuildPhase section */

/* Begin XCBuildConfiguration section */
		8DBB161B283808DD009242F4 /* Debug */ = {
			isa = XCBuildConfiguration;
			buildSettings = {
				ALWAYS_SEARCH_USER_PATHS = NO;
				CLANG_ANALYZER_NONNULL = YES;
				CLANG_ANALYZER_NUMBER_OBJECT_CONVERSION = YES_AGGRESSIVE;
				CLANG_CXX_LANGUAGE_STANDARD = "gnu++17";
				CLANG_ENABLE_MODULES = YES;
				CLANG_ENABLE_OBJC_ARC = YES;
				CLANG_ENABLE_OBJC_WEAK = YES;
				CLANG_WARN_BLOCK_CAPTURE_AUTORELEASING = YES;
				CLANG_WARN_BOOL_CONVERSION = YES;
				CLANG_WARN_COMMA = YES;
				CLANG_WARN_CONSTANT_CONVERSION = YES;
				CLANG_WARN_DEPRECATED_OBJC_IMPLEMENTATIONS = YES;
				CLANG_WARN_DIRECT_OBJC_ISA_USAGE = YES_ERROR;
				CLANG_WARN_DOCUMENTATION_COMMENTS = YES;
				CLANG_WARN_EMPTY_BODY = YES;
				CLANG_WARN_ENUM_CONVERSION = YES;
				CLANG_WARN_INFINITE_RECURSION = YES;
				CLANG_WARN_INT_CONVERSION = YES;
				CLANG_WARN_NON_LITERAL_NULL_CONVERSION = YES;
				CLANG_WARN_OBJC_IMPLICIT_RETAIN_SELF = YES;
				CLANG_WARN_OBJC_LITERAL_CONVERSION = YES;
				CLANG_WARN_OBJC_ROOT_CLASS = YES_ERROR;
				CLANG_WARN_QUOTED_INCLUDE_IN_FRAMEWORK_HEADER = YES;
				CLANG_WARN_RANGE_LOOP_ANALYSIS = YES;
				CLANG_WARN_STRICT_PROTOTYPES = YES;
				CLANG_WARN_SUSPICIOUS_MOVE = YES;
				CLANG_WARN_UNGUARDED_AVAILABILITY = YES_AGGRESSIVE;
				CLANG_WARN_UNREACHABLE_CODE = YES;
				CLANG_WARN__DUPLICATE_METHOD_MATCH = YES;
				COPY_PHASE_STRIP = NO;
				DEBUG_INFORMATION_FORMAT = dwarf;
				ENABLE_STRICT_OBJC_MSGSEND = YES;
				ENABLE_TESTABILITY = YES;
				GCC_C_LANGUAGE_STANDARD = gnu11;
				GCC_DYNAMIC_NO_PIC = NO;
				GCC_NO_COMMON_BLOCKS = YES;
				GCC_OPTIMIZATION_LEVEL = 0;
				GCC_PREPROCESSOR_DEFINITIONS = (
					"DEBUG=1",
					"$(inherited)",
				);
				GCC_WARN_64_TO_32_BIT_CONVERSION = YES;
				GCC_WARN_ABOUT_RETURN_TYPE = YES_ERROR;
				GCC_WARN_UNDECLARED_SELECTOR = YES;
				GCC_WARN_UNINITIALIZED_AUTOS = YES_AGGRESSIVE;
				GCC_WARN_UNUSED_FUNCTION = YES;
				GCC_WARN_UNUSED_VARIABLE = YES;
				IPHONEOS_DEPLOYMENT_TARGET = 15.4;
				MTL_ENABLE_DEBUG_INFO = INCLUDE_SOURCE;
				MTL_FAST_MATH = YES;
				ONLY_ACTIVE_ARCH = YES;
				SDKROOT = iphoneos;
				SWIFT_ACTIVE_COMPILATION_CONDITIONS = DEBUG;
				SWIFT_OPTIMIZATION_LEVEL = "-Onone";
			};
			name = Debug;
		};
		8DBB161C283808DD009242F4 /* Release */ = {
			isa = XCBuildConfiguration;
			buildSettings = {
				ALWAYS_SEARCH_USER_PATHS = NO;
				CLANG_ANALYZER_NONNULL = YES;
				CLANG_ANALYZER_NUMBER_OBJECT_CONVERSION = YES_AGGRESSIVE;
				CLANG_CXX_LANGUAGE_STANDARD = "gnu++17";
				CLANG_ENABLE_MODULES = YES;
				CLANG_ENABLE_OBJC_ARC = YES;
				CLANG_ENABLE_OBJC_WEAK = YES;
				CLANG_WARN_BLOCK_CAPTURE_AUTORELEASING = YES;
				CLANG_WARN_BOOL_CONVERSION = YES;
				CLANG_WARN_COMMA = YES;
				CLANG_WARN_CONSTANT_CONVERSION = YES;
				CLANG_WARN_DEPRECATED_OBJC_IMPLEMENTATIONS = YES;
				CLANG_WARN_DIRECT_OBJC_ISA_USAGE = YES_ERROR;
				CLANG_WARN_DOCUMENTATION_COMMENTS = YES;
				CLANG_WARN_EMPTY_BODY = YES;
				CLANG_WARN_ENUM_CONVERSION = YES;
				CLANG_WARN_INFINITE_RECURSION = YES;
				CLANG_WARN_INT_CONVERSION = YES;
				CLANG_WARN_NON_LITERAL_NULL_CONVERSION = YES;
				CLANG_WARN_OBJC_IMPLICIT_RETAIN_SELF = YES;
				CLANG_WARN_OBJC_LITERAL_CONVERSION = YES;
				CLANG_WARN_OBJC_ROOT_CLASS = YES_ERROR;
				CLANG_WARN_QUOTED_INCLUDE_IN_FRAMEWORK_HEADER = YES;
				CLANG_WARN_RANGE_LOOP_ANALYSIS = YES;
				CLANG_WARN_STRICT_PROTOTYPES = YES;
				CLANG_WARN_SUSPICIOUS_MOVE = YES;
				CLANG_WARN_UNGUARDED_AVAILABILITY = YES_AGGRESSIVE;
				CLANG_WARN_UNREACHABLE_CODE = YES;
				CLANG_WARN__DUPLICATE_METHOD_MATCH = YES;
				COPY_PHASE_STRIP = NO;
				DEBUG_INFORMATION_FORMAT = "dwarf-with-dsym";
				ENABLE_NS_ASSERTIONS = NO;
				ENABLE_STRICT_OBJC_MSGSEND = YES;
				GCC_C_LANGUAGE_STANDARD = gnu11;
				GCC_NO_COMMON_BLOCKS = YES;
				GCC_WARN_64_TO_32_BIT_CONVERSION = YES;
				GCC_WARN_ABOUT_RETURN_TYPE = YES_ERROR;
				GCC_WARN_UNDECLARED_SELECTOR = YES;
				GCC_WARN_UNINITIALIZED_AUTOS = YES_AGGRESSIVE;
				GCC_WARN_UNUSED_FUNCTION = YES;
				GCC_WARN_UNUSED_VARIABLE = YES;
				IPHONEOS_DEPLOYMENT_TARGET = 15.4;
				MTL_ENABLE_DEBUG_INFO = NO;
				MTL_FAST_MATH = YES;
				SDKROOT = iphoneos;
				SWIFT_COMPILATION_MODE = wholemodule;
				SWIFT_OPTIMIZATION_LEVEL = "-O";
				VALIDATE_PRODUCT = YES;
			};
			name = Release;
		};
		8DBB161E283808DD009242F4 /* Debug */ = {
			isa = XCBuildConfiguration;
			buildSettings = {
				ASSETCATALOG_COMPILER_APPICON_NAME = AppIcon;
				ASSETCATALOG_COMPILER_GLOBAL_ACCENT_COLOR_NAME = AccentColor;
				CODE_SIGN_STYLE = Automatic;
				CURRENT_PROJECT_VERSION = 1;
				DEVELOPMENT_ASSET_PATHS = "\"ImageTextureMaterial/Preview Content\"";
				DEVELOPMENT_TEAM = B2Q8EGNCQA;
				ENABLE_PREVIEWS = YES;
				GENERATE_INFOPLIST_FILE = YES;
				INFOPLIST_KEY_NSCameraUsageDescription = "";
				INFOPLIST_KEY_UIApplicationSupportsIndirectInputEvents = YES;
				INFOPLIST_KEY_UILaunchScreen_Generation = YES;
				INFOPLIST_KEY_UIRequiredDeviceCapabilities = arkit;
				INFOPLIST_KEY_UIStatusBarHidden = YES;
				INFOPLIST_KEY_UISupportedInterfaceOrientations_iPad = "UIInterfaceOrientationPortrait UIInterfaceOrientationPortraitUpsideDown UIInterfaceOrientationLandscapeLeft UIInterfaceOrientationLandscapeRight";
				INFOPLIST_KEY_UISupportedInterfaceOrientations_iPhone = "UIInterfaceOrientationPortrait UIInterfaceOrientationLandscapeLeft UIInterfaceOrientationLandscapeRight";
				LD_RUNPATH_SEARCH_PATHS = (
					"$(inherited)",
					"@executable_path/Frameworks",
				);
				MARKETING_VERSION = 1.0;
				PRODUCT_BUNDLE_IDENTIFIER = com.azamsharp.ImageTextureMaterial;
				PRODUCT_NAME = "$(TARGET_NAME)";
				SWIFT_EMIT_LOC_STRINGS = YES;
				SWIFT_VERSION = 5.0;
				TARGETED_DEVICE_FAMILY = "1,2";
			};
			name = Debug;
		};
		8DBB161F283808DD009242F4 /* Release */ = {
			isa = XCBuildConfiguration;
			buildSettings = {
				ASSETCATALOG_COMPILER_APPICON_NAME = AppIcon;
				ASSETCATALOG_COMPILER_GLOBAL_ACCENT_COLOR_NAME = AccentColor;
				CODE_SIGN_STYLE = Automatic;
				CURRENT_PROJECT_VERSION = 1;
				DEVELOPMENT_ASSET_PATHS = "\"ImageTextureMaterial/Preview Content\"";
				DEVELOPMENT_TEAM = B2Q8EGNCQA;
				ENABLE_PREVIEWS = YES;
				GENERATE_INFOPLIST_FILE = YES;
				INFOPLIST_KEY_NSCameraUsageDescription = "";
				INFOPLIST_KEY_UIApplicationSupportsIndirectInputEvents = YES;
				INFOPLIST_KEY_UILaunchScreen_Generation = YES;
				INFOPLIST_KEY_UIRequiredDeviceCapabilities = arkit;
				INFOPLIST_KEY_UIStatusBarHidden = YES;
				INFOPLIST_KEY_UISupportedInterfaceOrientations_iPad = "UIInterfaceOrientationPortrait UIInterfaceOrientationPortraitUpsideDown UIInterfaceOrientationLandscapeLeft UIInterfaceOrientationLandscapeRight";
				INFOPLIST_KEY_UISupportedInterfaceOrientations_iPhone = "UIInterfaceOrientationPortrait UIInterfaceOrientationLandscapeLeft UIInterfaceOrientationLandscapeRight";
				LD_RUNPATH_SEARCH_PATHS = (
					"$(inherited)",
					"@executable_path/Frameworks",
				);
				MARKETING_VERSION = 1.0;
				PRODUCT_BUNDLE_IDENTIFIER = com.azamsharp.ImageTextureMaterial;
				PRODUCT_NAME = "$(TARGET_NAME)";
				SWIFT_EMIT_LOC_STRINGS = YES;
				SWIFT_VERSION = 5.0;
				TARGETED_DEVICE_FAMILY = "1,2";
			};
			name = Release;
		};
/* End XCBuildConfiguration section */

/* Begin XCConfigurationList section */
		8DBB1608283808DC009242F4 /* Build configuration list for PBXProject "ImageTextureMaterial" */ = {
			isa = XCConfigurationList;
			buildConfigurations = (
				8DBB161B283808DD009242F4 /* Debug */,
				8DBB161C283808DD009242F4 /* Release */,
			);
			defaultConfigurationIsVisible = 0;
			defaultConfigurationName = Release;
		};
		8DBB161D283808DD009242F4 /* Build configuration list for PBXNativeTarget "ImageTextureMaterial" */ = {
			isa = XCConfigurationList;
			buildConfigurations = (
				8DBB161E283808DD009242F4 /* Debug */,
				8DBB161F283808DD009242F4 /* Release */,
			);
			defaultConfigurationIsVisible = 0;
			defaultConfigurationName = Release;
		};
/* End XCConfigurationList section */
	};
	rootObject = 8DBB1605283808DC009242F4 /* Project object */;
}
